
Microsoft Visual Studio Solution File, Format Version 11.00
# Visual C++ Express 2010
Project("{8BC9CEB8-8B4A-11D0-8D11-00A0C91BC942}") = "LaserTest", "LaserTest\LaserTest.vcxproj", "{6AC1C0EC-D537-4E93-9358-BD09EBBE7146}"
EndProject
Global
	GlobalSection(SolutionConfigurationPlatforms) = preSolution
		Release|Win32 = Release|Win32
	EndGlobalSection
	GlobalSection(ProjectConfigurationPlatforms) = postSolution
		{6AC1C0EC-D537-4E93-9358-BD09EBBE7146}.Release|Win32.ActiveCfg = Release|Win32
		{6AC1C0EC-D537-4E93-9358-BD09EBBE7146}.Release|Win32.Build.0 = Release|Win32
	EndGlobalSection
	GlobalSection(SolutionProperties) = preSolution
		HideSolutionNode = FALSE
	EndGlobalSection
EndGlobal
